
Microsoft Visual Studio Solution File, Format Version 12.00
# Visual Studio Version 17
VisualStudioVersion = 17.8.34322.80
MinimumVisualStudioVersion = 10.0.40219.1
Project("{FAE04EC0-301F-11D3-BF4B-00C04F79EFBC}") = "ElVegetarianoFurio", "ElVegetarianoFurio\ElVegetarianoFurio.csproj", "{6F4C936B-149B-45CC-A845-529309213EDC}"
EndProject
Global
	GlobalSection(SolutionConfigurationPlatforms) = preSolution
		Debug|Any CPU = Debug|Any CPU
		Release|Any CPU = Release|Any CPU
	EndGlobalSection
	GlobalSection(ProjectConfigurationPlatforms) = postSolution
		{6F4C936B-149B-45CC-A845-529309213EDC}.Debug|Any CPU.ActiveCfg = Debug|Any CPU
		{6F4C936B-149B-45CC-A845-529309213EDC}.Debug|Any CPU.Build.0 = Debug|Any CPU
		{6F4C936B-149B-45CC-A845-529309213EDC}.Debug|Any CPU.Deploy.0 = Debug|Any CPU
		{6F4C936B-149B-45CC-A845-529309213EDC}.Release|Any CPU.ActiveCfg = Release|Any CPU
		{6F4C936B-149B-45CC-A845-529309213EDC}.Release|Any CPU.Build.0 = Release|Any CPU
		{6F4C936B-149B-45CC-A845-529309213EDC}.Release|Any CPU.Deploy.0 = Release|Any CPU
	EndGlobalSection
	GlobalSection(SolutionProperties) = preSolution
		HideSolutionNode = FALSE
	EndGlobalSection
	GlobalSection(ExtensibilityGlobals) = postSolution
		SolutionGuid = {969A238D-E3F2-4394-BA70-53AC143E9106}
	EndGlobalSection
EndGlobal
